
Microsoft Visual Studio Solution File, Format Version 12.00
# Visual Studio Version 17
VisualStudioVersion = 17.7.33913.275
MinimumVisualStudioVersion = 10.0.40219.1
Project("{9A19103F-16F7-4668-BE54-9A1E7A4F7556}") = "TradingApi", "TradingApi\TradingApi.csproj", "{4A1F419B-0F2A-44CB-81FE-F6841DFDA9BD}"
EndProject
Project("{2150E333-8FDC-42A3-9474-1A3956D46DE8}") = "Deployment", "Deployment", "{DDFCF3C0-7327-4B0E-86D4-676AF1B4DEFA}"
	ProjectSection(SolutionItems) = preProject
		..\deploy\application.yaml = ..\deploy\application.yaml
		..\deploy\values.yaml = ..\deploy\values.yaml
	EndProjectSection
EndProject
Global
	GlobalSection(SolutionConfigurationPlatforms) = preSolution
		Debug|Any CPU = Debug|Any CPU
		Release|Any CPU = Release|Any CPU
	EndGlobalSection
	GlobalSection(ProjectConfigurationPlatforms) = postSolution
		{4A1F419B-0F2A-44CB-81FE-F6841DFDA9BD}.Debug|Any CPU.ActiveCfg = Debug|Any CPU
		{4A1F419B-0F2A-44CB-81FE-F6841DFDA9BD}.Debug|Any CPU.Build.0 = Debug|Any CPU
		{4A1F419B-0F2A-44CB-81FE-F6841DFDA9BD}.Release|Any CPU.ActiveCfg = Release|Any CPU
		{4A1F419B-0F2A-44CB-81FE-F6841DFDA9BD}.Release|Any CPU.Build.0 = Release|Any CPU
	EndGlobalSection
	GlobalSection(SolutionProperties) = preSolution
		HideSolutionNode = FALSE
	EndGlobalSection
	GlobalSection(ExtensibilityGlobals) = postSolution
		SolutionGuid = {5D2FC405-C629-4A02-A3B1-4083864344A6}
	EndGlobalSection
EndGlobal
